// !$*UTF8*$!
{
	archiveVersion = 1;
	classes = {
	};
	objectVersion = 46;
	objects = {

/* Begin PBXBuildFile section */
		025AC0CB1A833A1200ACBFFC /* main.m in Sources */ = {isa = PBXBuildFile; fileRef = 025AC0CA1A833A1200ACBFFC /* main.m */; };
		025AC0CE1A833A1200ACBFFC /* AppDelegate.m in Sources */ = {isa = PBXBuildFile; fileRef = 025AC0CD1A833A1200ACBFFC /* AppDelegate.m */; };
		025AC0D11A833A1200ACBFFC /* ViewController.m in Sources */ = {isa = PBXBuildFile; fileRef = 025AC0D01A833A1200ACBFFC /* ViewController.m */; };
		025AC0D41A833A1200ACBFFC /* Main.storyboard in Resources */ = {isa = PBXBuildFile; fileRef = 025AC0D21A833A1200ACBFFC /* Main.storyboard */; };
		025AC0D61A833A1200ACBFFC /* Images.xcassets in Resources */ = {isa = PBXBuildFile; fileRef = 025AC0D51A833A1200ACBFFC /* Images.xcassets */; };
		025AC0D91A833A1200ACBFFC /* LaunchScreen.xib in Resources */ = {isa = PBXBuildFile; fileRef = 025AC0D71A833A1200ACBFFC /* LaunchScreen.xib */; };
		025AC0E51A833A1200ACBFFC /* gitTestTests.m in Sources */ = {isa = PBXBuildFile; fileRef = 025AC0E41A833A1200ACBFFC /* gitTestTests.m */; };
		025AC0F01A83467000ACBFFC /* Test.m in Sources */ = {isa = PBXBuildFile; fileRef = 025AC0EF1A83467000ACBFFC /* Test.m */; };
/* End PBXBuildFile section */

/* Begin PBXContainerItemProxy section */
		025AC0DF1A833A1200ACBFFC /* PBXContainerItemProxy */ = {
			isa = PBXContainerItemProxy;
			containerPortal = 025AC0BD1A833A1200ACBFFC /* Project object */;
			proxyType = 1;
			remoteGlobalIDString = 025AC0C41A833A1200ACBFFC;
			remoteInfo = gitTest;
		};
/* End PBXContainerItemProxy section */

/* Begin PBXFileReference section */
		025AC0C51A833A1200ACBFFC /* gitTest.app */ = {isa = PBXFileReference; explicitFileType = wrapper.application; includeInIndex = 0; path = gitTest.app; sourceTree = BUILT_PRODUCTS_DIR; };
		025AC0C91A833A1200ACBFFC /* Info.plist */ = {isa = PBXFileReference; lastKnownFileType = text.plist.xml; path = Info.plist; sourceTree = "<group>"; };
		025AC0CA1A833A1200ACBFFC /* main.m */ = {isa = PBXFileReference; lastKnownFileType = sourcecode.c.objc; path = main.m; sourceTree = "<group>"; };
		025AC0CC1A833A1200ACBFFC /* AppDelegate.h */ = {isa = PBXFileReference; lastKnownFileType = sourcecode.c.h; path = AppDelegate.h; sourceTree = "<group>"; };
		025AC0CD1A833A1200ACBFFC /* AppDelegate.m */ = {isa = PBXFileReference; lastKnownFileType = sourcecode.c.objc; path = AppDelegate.m; sourceTree = "<group>"; };
		025AC0CF1A833A1200ACBFFC /* ViewController.h */ = {isa = PBXFileReference; lastKnownFileType = sourcecode.c.h; path = ViewController.h; sourceTree = "<group>"; };
		025AC0D01A833A1200ACBFFC /* ViewController.m */ = {isa = PBXFileReference; lastKnownFileType = sourcecode.c.objc; path = ViewController.m; sourceTree = "<group>"; };
		025AC0D31A833A1200ACBFFC /* Base */ = {isa = PBXFileReference; lastKnownFileType = file.storyboard; name = Base; path = Base.lproj/Main.storyboard; sourceTree = "<group>"; };
		025AC0D51A833A1200ACBFFC /* Images.xcassets */ = {isa = PBXFileReference; lastKnownFileType = folder.assetcatalog; path = Images.xcassets; sourceTree = "<group>"; };
		025AC0D81A833A1200ACBFFC /* Base */ = {isa = PBXFileReference; lastKnownFileType = file.xib; name = Base; path = Base.lproj/LaunchScreen.xib; sourceTree = "<group>"; };
		025AC0DE1A833A1200ACBFFC /* gitTestTests.xctest */ = {isa = PBXFileReference; explicitFileType = wrapper.cfbundle; includeInIndex = 0; path = gitTestTests.xctest; sourceTree = BUILT_PRODUCTS_DIR; };
		025AC0E31A833A1200ACBFFC /* Info.plist */ = {isa = PBXFileReference; lastKnownFileType = text.plist.xml; path = Info.plist; sourceTree = "<group>"; };
		025AC0E41A833A1200ACBFFC /* gitTestTests.m */ = {isa = PBXFileReference; lastKnownFileType = sourcecode.c.objc; path = gitTestTests.m; sourceTree = "<group>"; };
		025AC0EE1A83467000ACBFFC /* Test.h */ = {isa = PBXFileReference; fileEncoding = 4; lastKnownFileType = sourcecode.c.h; path = Test.h; sourceTree = "<group>"; };
		025AC0EF1A83467000ACBFFC /* Test.m */ = {isa = PBXFileReference; fileEncoding = 4; lastKnownFileType = sourcecode.c.objc; path = Test.m; sourceTree = "<group>"; };
/* End PBXFileReference section */

/* Begin PBXFrameworksBuildPhase section */
		025AC0C21A833A1200ACBFFC /* Frameworks */ = {
			isa = PBXFrameworksBuildPhase;
			buildActionMask = 2147483647;
			files = (
			);
			runOnlyForDeploymentPostprocessing = 0;
		};
		025AC0DB1A833A1200ACBFFC /* Frameworks */ = {
			isa = PBXFrameworksBuildPhase;
			buildActionMask = 2147483647;
			files = (
			);
			runOnlyForDeploymentPostprocessing = 0;
		};
/* End PBXFrameworksBuildPhase section */

/* Begin PBXGroup section */
		025AC0BC1A833A1200ACBFFC = {
			isa = PBXGroup;
			children = (
				025AC0EE1A83467000ACBFFC /* Test.h */,
				025AC0EF1A83467000ACBFFC /* Test.m */,
				025AC0C71A833A1200ACBFFC /* gitTest */,
				025AC0E11A833A1200ACBFFC /* gitTestTests */,
				025AC0C61A833A1200ACBFFC /* Products */,
			);
			sourceTree = "<group>";
		};
		025AC0C61A833A1200ACBFFC /* Products */ = {
			isa = PBXGroup;
			children = (
				025AC0C51A833A1200ACBFFC /* gitTest.app */,
				025AC0DE1A833A1200ACBFFC /* gitTestTests.xctest */,
			);
			name = Products;
			sourceTree = "<group>";
		};
		025AC0C71A833A1200ACBFFC /* gitTest */ = {
			isa = PBXGroup;
			children = (
				025AC0CC1A833A1200ACBFFC /* AppDelegate.h */,
				025AC0CD1A833A1200ACBFFC /* AppDelegate.m */,
				025AC0CF1A833A1200ACBFFC /* ViewController.h */,
				025AC0D01A833A1200ACBFFC /* ViewController.m */,
				025AC0D21A833A1200ACBFFC /* Main.storyboard */,
				025AC0D51A833A1200ACBFFC /* Images.xcassets */,
				025AC0D71A833A1200ACBFFC /* LaunchScreen.xib */,
				025AC0C81A833A1200ACBFFC /* Supporting Files */,
			);
			path = gitTest;
			sourceTree = "<group>";
		};
		025AC0C81A833A1200ACBFFC /* Supporting Files */ = {
			isa = PBXGroup;
			children = (
				025AC0C91A833A1200ACBFFC /* Info.plist */,
				025AC0CA1A833A1200ACBFFC /* main.m */,
			);
			name = "Supporting Files";
			sourceTree = "<group>";
		};
		025AC0E11A833A1200ACBFFC /* gitTestTests */ = {
			isa = PBXGroup;
			children = (
				025AC0E41A833A1200ACBFFC /* gitTestTests.m */,
				025AC0E21A833A1200ACBFFC /* Supporting Files */,
			);
			path = gitTestTests;
			sourceTree = "<group>";
		};
		025AC0E21A833A1200ACBFFC /* Supporting Files */ = {
			isa = PBXGroup;
			children = (
				025AC0E31A833A1200ACBFFC /* Info.plist */,
			);
			name = "Supporting Files";
			sourceTree = "<group>";
		};
/* End PBXGroup section */

/* Begin PBXNativeTarget section */
		025AC0C41A833A1200ACBFFC /* gitTest */ = {
			isa = PBXNativeTarget;
			buildConfigurationList = 025AC0E81A833A1200ACBFFC /* Build configuration list for PBXNativeTarget "gitTest" */;
			buildPhases = (
				025AC0C11A833A1200ACBFFC /* Sources */,
				025AC0C21A833A1200ACBFFC /* Frameworks */,
				025AC0C31A833A1200ACBFFC /* Resources */,
			);
			buildRules = (
			);
			dependencies = (
			);
			name = gitTest;
			productName = gitTest;
			productReference = 025AC0C51A833A1200ACBFFC /* gitTest.app */;
			productType = "com.apple.product-type.application";
		};
		025AC0DD1A833A1200ACBFFC /* gitTestTests */ = {
			isa = PBXNativeTarget;
			buildConfigurationList = 025AC0EB1A833A1200ACBFFC /* Build configuration list for PBXNativeTarget "gitTestTests" */;
			buildPhases = (
				025AC0DA1A833A1200ACBFFC /* Sources */,
				025AC0DB1A833A1200ACBFFC /* Frameworks */,
				025AC0DC1A833A1200ACBFFC /* Resources */,
			);
			buildRules = (
			);
			dependencies = (
				025AC0E01A833A1200ACBFFC /* PBXTargetDependency */,
			);
			name = gitTestTests;
			productName = gitTestTests;
			productReference = 025AC0DE1A833A1200ACBFFC /* gitTestTests.xctest */;
			productType = "com.apple.product-type.bundle.unit-test";
		};
/* End PBXNativeTarget section */

/* Begin PBXProject section */
		025AC0BD1A833A1200ACBFFC /* Project object */ = {
			isa = PBXProject;
			attributes = {
				LastUpgradeCheck = 0610;
				ORGANIZATIONNAME = "Pulkit Kumar";
				TargetAttributes = {
					025AC0C41A833A1200ACBFFC = {
						CreatedOnToolsVersion = 6.1;
					};
					025AC0DD1A833A1200ACBFFC = {
						CreatedOnToolsVersion = 6.1;
						TestTargetID = 025AC0C41A833A1200ACBFFC;
					};
				};
			};
			buildConfigurationList = 025AC0C01A833A1200ACBFFC /* Build configuration list for PBXProject "gitTest" */;
			compatibilityVersion = "Xcode 3.2";
			developmentRegion = English;
			hasScannedForEncodings = 0;
			knownRegions = (
				en,
				Base,
			);
			mainGroup = 025AC0BC1A833A1200ACBFFC;
			productRefGroup = 025AC0C61A833A1200ACBFFC /* Products */;
			projectDirPath = "";
			projectRoot = "";
			targets = (
				025AC0C41A833A1200ACBFFC /* gitTest */,
				025AC0DD1A833A1200ACBFFC /* gitTestTests */,
			);
		};
/* End PBXProject section */

/* Begin PBXResourcesBuildPhase section */
		025AC0C31A833A1200ACBFFC /* Resources */ = {
			isa = PBXResourcesBuildPhase;
			buildActionMask = 2147483647;
			files = (
				025AC0D41A833A1200ACBFFC /* Main.storyboard in Resources */,
				025AC0D91A833A1200ACBFFC /* LaunchScreen.xib in Resources */,
				025AC0D61A833A1200ACBFFC /* Images.xcassets in Resources */,
			);
			runOnlyForDeploymentPostprocessing = 0;
		};
		025AC0DC1A833A1200ACBFFC /* Resources */ = {
			isa = PBXResourcesBuildPhase;
			buildActionMask = 2147483647;
			files = (
			);
			runOnlyForDeploymentPostprocessing = 0;
		};
/* End PBXResourcesBuildPhase section */

/* Begin PBXSourcesBuildPhase section */
		025AC0C11A833A1200ACBFFC /* Sources */ = {
			isa = PBXSourcesBuildPhase;
			buildActionMask = 2147483647;
			files = (
				025AC0D11A833A1200ACBFFC /* ViewController.m in Sources */,
				025AC0F01A83467000ACBFFC /* Test.m in Sources */,
				025AC0CE1A833A1200ACBFFC /* AppDelegate.m in Sources */,
				025AC0CB1A833A1200ACBFFC /* main.m in Sources */,
			);
			runOnlyForDeploymentPostprocessing = 0;
		};
		025AC0DA1A833A1200ACBFFC /* Sources */ = {
			isa = PBXSourcesBuildPhase;
			buildActionMask = 2147483647;
			files = (
				025AC0E51A833A1200ACBFFC /* gitTestTests.m in Sources */,
			);
			runOnlyForDeploymentPostprocessing = 0;
		};
/* End PBXSourcesBuildPhase section */

/* Begin PBXTargetDependency section */
		025AC0E01A833A1200ACBFFC /* PBXTargetDependency */ = {
			isa = PBXTargetDependency;
			target = 025AC0C41A833A1200ACBFFC /* gitTest */;
			targetProxy = 025AC0DF1A833A1200ACBFFC /* PBXContainerItemProxy */;
		};
/* End PBXTargetDependency section */

/* Begin PBXVariantGroup section */
		025AC0D21A833A1200ACBFFC /* Main.storyboard */ = {
			isa = PBXVariantGroup;
			children = (
				025AC0D31A833A1200ACBFFC /* Base */,
			);
			name = Main.storyboard;
			sourceTree = "<group>";
		};
		025AC0D71A833A1200ACBFFC /* LaunchScreen.xib */ = {
			isa = PBXVariantGroup;
			children = (
				025AC0D81A833A1200ACBFFC /* Base */,
			);
			name = LaunchScreen.xib;
			sourceTree = "<group>";
		};
/* End PBXVariantGroup section */

/* Begin XCBuildConfiguration section */
		025AC0E61A833A1200ACBFFC /* Debug */ = {
			isa = XCBuildConfiguration;
			buildSettings = {
				ALWAYS_SEARCH_USER_PATHS = NO;
				CLANG_CXX_LANGUAGE_STANDARD = "gnu++0x";
				CLANG_CXX_LIBRARY = "libc++";
				CLANG_ENABLE_MODULES = YES;
				CLANG_ENABLE_OBJC_ARC = YES;
				CLANG_WARN_BOOL_CONVERSION = YES;
				CLANG_WARN_CONSTANT_CONVERSION = YES;
				CLANG_WARN_DIRECT_OBJC_ISA_USAGE = YES_ERROR;
				CLANG_WARN_EMPTY_BODY = YES;
				CLANG_WARN_ENUM_CONVERSION = YES;
				CLANG_WARN_INT_CONVERSION = YES;
				CLANG_WARN_OBJC_ROOT_CLASS = YES_ERROR;
				CLANG_WARN_UNREACHABLE_CODE = YES;
				CLANG_WARN__DUPLICATE_METHOD_MATCH = YES;
				"CODE_SIGN_IDENTITY[sdk=iphoneos*]" = "iPhone Developer";
				COPY_PHASE_STRIP = NO;
				ENABLE_STRICT_OBJC_MSGSEND = YES;
				GCC_C_LANGUAGE_STANDARD = gnu99;
				GCC_DYNAMIC_NO_PIC = NO;
				GCC_OPTIMIZATION_LEVEL = 0;
				GCC_PREPROCESSOR_DEFINITIONS = (
					"DEBUG=1",
					"$(inherited)",
				);
				GCC_SYMBOLS_PRIVATE_EXTERN = NO;
				GCC_WARN_64_TO_32_BIT_CONVERSION = YES;
				GCC_WARN_ABOUT_RETURN_TYPE = YES_ERROR;
				GCC_WARN_UNDECLARED_SELECTOR = YES;
				GCC_WARN_UNINITIALIZED_AUTOS = YES_AGGRESSIVE;
				GCC_WARN_UNUSED_FUNCTION = YES;
				GCC_WARN_UNUSED_VARIABLE = YES;
				IPHONEOS_DEPLOYMENT_TARGET = 8.1;
				MTL_ENABLE_DEBUG_INFO = YES;
				ONLY_ACTIVE_ARCH = YES;
				SDKROOT = iphoneos;
			};
			name = Debug;
		};
		025AC0E71A833A1200ACBFFC /* Release */ = {
			isa = XCBuildConfiguration;
			buildSettings = {
				ALWAYS_SEARCH_USER_PATHS = NO;
				CLANG_CXX_LANGUAGE_STANDARD = "gnu++0x";
				CLANG_CXX_LIBRARY = "libc++";
				CLANG_ENABLE_MODULES = YES;
				CLANG_ENABLE_OBJC_ARC = YES;
				CLANG_WARN_BOOL_CONVERSION = YES;
				CLANG_WARN_CONSTANT_CONVERSION = YES;
				CLANG_WARN_DIRECT_OBJC_ISA_USAGE = YES_ERROR;
				CLANG_WARN_EMPTY_BODY = YES;
				CLANG_WARN_ENUM_CONVERSION = YES;
				CLANG_WARN_INT_CONVERSION = YES;
				CLANG_WARN_OBJC_ROOT_CLASS = YES_ERROR;
				CLANG_WARN_UNREACHABLE_CODE = YES;
				CLANG_WARN__DUPLICATE_METHOD_MATCH = YES;
				"CODE_SIGN_IDENTITY[sdk=iphoneos*]" = "iPhone Developer";
				COPY_PHASE_STRIP = YES;
				ENABLE_NS_ASSERTIONS = NO;
				ENABLE_STRICT_OBJC_MSGSEND = YES;
				GCC_C_LANGUAGE_STANDARD = gnu99;
				GCC_WARN_64_TO_32_BIT_CONVERSION = YES;
				GCC_WARN_ABOUT_RETURN_TYPE = YES_ERROR;
				GCC_WARN_UNDECLARED_SELECTOR = YES;
				GCC_WARN_UNINITIALIZED_AUTOS = YES_AGGRESSIVE;
				GCC_WARN_UNUSED_FUNCTION = YES;
				GCC_WARN_UNUSED_VARIABLE = YES;
				IPHONEOS_DEPLOYMENT_TARGET = 8.1;
				MTL_ENABLE_DEBUG_INFO = NO;
				SDKROOT = iphoneos;
				VALIDATE_PRODUCT = YES;
			};
			name = Release;
		};
		025AC0E91A833A1200ACBFFC /* Debug */ = {
			isa = XCBuildConfiguration;
			buildSettings = {
				ASSETCATALOG_COMPILER_APPICON_NAME = AppIcon;
				INFOPLIST_FILE = gitTest/Info.plist;
				LD_RUNPATH_SEARCH_PATHS = "$(inherited) @executable_path/Frameworks";
				PRODUCT_NAME = "$(TARGET_NAME)";
			};
			name = Debug;
		};
		025AC0EA1A833A1200ACBFFC /* Release */ = {
			isa = XCBuildConfiguration;
			buildSettings = {
				ASSETCATALOG_COMPILER_APPICON_NAME = AppIcon;
				INFOPLIST_FILE = gitTest/Info.plist;
				LD_RUNPATH_SEARCH_PATHS = "$(inherited) @executable_path/Frameworks";
				PRODUCT_NAME = "$(TARGET_NAME)";
			};
			name = Release;
		};
		025AC0EC1A833A1200ACBFFC /* Debug */ = {
			isa = XCBuildConfiguration;
			buildSettings = {
				BUNDLE_LOADER = "$(TEST_HOST)";
				FRAMEWORK_SEARCH_PATHS = (
					"$(SDKROOT)/Developer/Library/Frameworks",
					"$(inherited)",
				);
				GCC_PREPROCESSOR_DEFINITIONS = (
					"DEBUG=1",
					"$(inherited)",
				);
				INFOPLIST_FILE = gitTestTests/Info.plist;
				LD_RUNPATH_SEARCH_PATHS = "$(inherited) @executable_path/Frameworks @loader_path/Frameworks";
				PRODUCT_NAME = "$(TARGET_NAME)";
				TEST_HOST = "$(BUILT_PRODUCTS_DIR)/gitTest.app/gitTest";
			};
			name = Debug;
		};
		025AC0ED1A833A1200ACBFFC /* Release */ = {
			isa = XCBuildConfiguration;
			buildSettings = {
				BUNDLE_LOADER = "$(TEST_HOST)";
				FRAMEWORK_SEARCH_PATHS = (
					"$(SDKROOT)/Developer/Library/Frameworks",
					"$(inherited)",
				);
				INFOPLIST_FILE = gitTestTests/Info.plist;
				LD_RUNPATH_SEARCH_PATHS = "$(inherited) @executable_path/Frameworks @loader_path/Frameworks";
				PRODUCT_NAME = "$(TARGET_NAME)";
				TEST_HOST = "$(BUILT_PRODUCTS_DIR)/gitTest.app/gitTest";
			};
			name = Release;
		};
/* End XCBuildConfiguration section */

/* Begin XCConfigurationList section */
		025AC0C01A833A1200ACBFFC /* Build configuration list for PBXProject "gitTest" */ = {
			isa = XCConfigurationList;
			buildConfigurations = (
				025AC0E61A833A1200ACBFFC /* Debug */,
				025AC0E71A833A1200ACBFFC /* Release */,
			);
			defaultConfigurationIsVisible = 0;
			defaultConfigurationName = Release;
		};
		025AC0E81A833A1200ACBFFC /* Build configuration list for PBXNativeTarget "gitTest" */ = {
			isa = XCConfigurationList;
			buildConfigurations = (
				025AC0E91A833A1200ACBFFC /* Debug */,
				025AC0EA1A833A1200ACBFFC /* Release */,
			);
			defaultConfigurationIsVisible = 0;
		};
		025AC0EB1A833A1200ACBFFC /* Build configuration list for PBXNativeTarget "gitTestTests" */ = {
			isa = XCConfigurationList;
			buildConfigurations = (
				025AC0EC1A833A1200ACBFFC /* Debug */,
				025AC0ED1A833A1200ACBFFC /* Release */,
			);
			defaultConfigurationIsVisible = 0;
		};
/* End XCConfigurationList section */
	};
	rootObject = 025AC0BD1A833A1200ACBFFC /* Project object */;
}
